{
  "name": "unlimitedjs",
  "version": "1.1.0",
  "lockfileVersion": 1,
  "requires": true,
  "dependencies": {
    "esm": {
      "version": "3.2.25",
      "resolved": "https://registry.npmjs.org/esm/-/esm-3.2.25.tgz",
      "integrity": "sha512-U1suiZ2oDVWv4zPO56S0NcR5QriEahGtdN2OR6FiOG4WJvcjBVFB0qI4+eKoWFH483PKGuLuu6V8Z4T5g63UVA==",
      "dev": true
    },
    "timeline-monad": {
      "version": "2.0.0",
      "resolved": "https://registry.npmjs.org/timeline-monad/-/timeline-monad-2.0.0.tgz",
      "integrity": "sha512-TIRorLd/7c0Jr7r3IBoKJZuOwfhmoEpTGBUUWM8auxf8edaBH/eLo9nI7znmWtibN9Zs6GmQMS2HIEQ4ta234w=="
    },
    "typescript": {
      "version": "3.6.2",
      "resolved": "https://registry.npmjs.org/typescript/-/typescript-3.6.2.tgz",
      "integrity": "sha512-lmQ4L+J6mnu3xweP8+rOrUwzmN+MRAj7TgtJtDaXE5PMyX2kCrklhg3rvOsOIfNeAWMQWO2F1GPc1kMD2vLAfw==",
      "dev": true
    }
  }
}
